
Microsoft Visual Studio Solution File, Format Version 12.00
# Visual Studio 14
VisualStudioVersion = 14.0.23107.0
MinimumVisualStudioVersion = 10.0.40219.1
Project("{FAE04EC0-301F-11D3-BF4B-00C04F79EFBC}") = "Lista", "Lista\Lista.csproj", "{D40358DD-9988-4529-AD4F-B71FECC39009}"
EndProject
Project("{FAE04EC0-301F-11D3-BF4B-00C04F79EFBC}") = "PongGame", "PongGame\PongGame.csproj", "{795D7E36-3B56-42FD-822C-8A8512C008D8}"
EndProject
Global
	GlobalSection(SolutionConfigurationPlatforms) = preSolution
		Debug|Any CPU = Debug|Any CPU
		Debug|x86 = Debug|x86
		Release|Any CPU = Release|Any CPU
		Release|x86 = Release|x86
	EndGlobalSection
	GlobalSection(ProjectConfigurationPlatforms) = postSolution
		{D40358DD-9988-4529-AD4F-B71FECC39009}.Debug|Any CPU.ActiveCfg = Debug|Any CPU
		{D40358DD-9988-4529-AD4F-B71FECC39009}.Debug|Any CPU.Build.0 = Debug|Any CPU
		{D40358DD-9988-4529-AD4F-B71FECC39009}.Debug|x86.ActiveCfg = Debug|Any CPU
		{D40358DD-9988-4529-AD4F-B71FECC39009}.Debug|x86.Build.0 = Debug|Any CPU
		{D40358DD-9988-4529-AD4F-B71FECC39009}.Release|Any CPU.ActiveCfg = Release|Any CPU
		{D40358DD-9988-4529-AD4F-B71FECC39009}.Release|Any CPU.Build.0 = Release|Any CPU
		{D40358DD-9988-4529-AD4F-B71FECC39009}.Release|x86.ActiveCfg = Release|Any CPU
		{D40358DD-9988-4529-AD4F-B71FECC39009}.Release|x86.Build.0 = Release|Any CPU
		{795D7E36-3B56-42FD-822C-8A8512C008D8}.Debug|Any CPU.ActiveCfg = Debug|x86
		{795D7E36-3B56-42FD-822C-8A8512C008D8}.Debug|x86.ActiveCfg = Debug|x86
		{795D7E36-3B56-42FD-822C-8A8512C008D8}.Debug|x86.Build.0 = Debug|x86
		{795D7E36-3B56-42FD-822C-8A8512C008D8}.Release|Any CPU.ActiveCfg = Release|x86
		{795D7E36-3B56-42FD-822C-8A8512C008D8}.Release|x86.ActiveCfg = Release|x86
		{795D7E36-3B56-42FD-822C-8A8512C008D8}.Release|x86.Build.0 = Release|x86
	EndGlobalSection
	GlobalSection(SolutionProperties) = preSolution
		HideSolutionNode = FALSE
	EndGlobalSection
EndGlobal
